
Microsoft Visual Studio Solution File, Format Version 12.00
# Visual Studio Version 16
VisualStudioVersion = 16.0.28922.388
MinimumVisualStudioVersion = 10.0.40219.1
Project("{FAE04EC0-301F-11D3-BF4B-00C04F79EFBC}") = "PriceCalculator", "PriceCalculator\PriceCalculator.csproj", "{AD160887-782D-405C-ABF8-CF6271912C22}"
EndProject
Project("{FAE04EC0-301F-11D3-BF4B-00C04F79EFBC}") = "PriceCalculatorTests", "PriceCalculatorTests\PriceCalculatorTests.csproj", "{B593A9D7-751F-4CF2-B146-644C875D8D60}"
EndProject
Project("{FAE04EC0-301F-11D3-BF4B-00C04F79EFBC}") = "PriceCalculatorLogger", "PriceCalculatorLogger\PriceCalculatorLogger.csproj", "{6CB5B059-1D7E-4D37-BFF8-ADA51BEA1B42}"
EndProject
Global
	GlobalSection(SolutionConfigurationPlatforms) = preSolution
		Debug|Any CPU = Debug|Any CPU
		Release|Any CPU = Release|Any CPU
	EndGlobalSection
	GlobalSection(ProjectConfigurationPlatforms) = postSolution
		{AD160887-782D-405C-ABF8-CF6271912C22}.Debug|Any CPU.ActiveCfg = Debug|Any CPU
		{AD160887-782D-405C-ABF8-CF6271912C22}.Debug|Any CPU.Build.0 = Debug|Any CPU
		{AD160887-782D-405C-ABF8-CF6271912C22}.Release|Any CPU.ActiveCfg = Release|Any CPU
		{AD160887-782D-405C-ABF8-CF6271912C22}.Release|Any CPU.Build.0 = Release|Any CPU
		{B593A9D7-751F-4CF2-B146-644C875D8D60}.Debug|Any CPU.ActiveCfg = Debug|Any CPU
		{B593A9D7-751F-4CF2-B146-644C875D8D60}.Debug|Any CPU.Build.0 = Debug|Any CPU
		{B593A9D7-751F-4CF2-B146-644C875D8D60}.Release|Any CPU.ActiveCfg = Release|Any CPU
		{B593A9D7-751F-4CF2-B146-644C875D8D60}.Release|Any CPU.Build.0 = Release|Any CPU
		{6CB5B059-1D7E-4D37-BFF8-ADA51BEA1B42}.Debug|Any CPU.ActiveCfg = Debug|Any CPU
		{6CB5B059-1D7E-4D37-BFF8-ADA51BEA1B42}.Debug|Any CPU.Build.0 = Debug|Any CPU
		{6CB5B059-1D7E-4D37-BFF8-ADA51BEA1B42}.Release|Any CPU.ActiveCfg = Release|Any CPU
		{6CB5B059-1D7E-4D37-BFF8-ADA51BEA1B42}.Release|Any CPU.Build.0 = Release|Any CPU
	EndGlobalSection
	GlobalSection(SolutionProperties) = preSolution
		HideSolutionNode = FALSE
	EndGlobalSection
	GlobalSection(ExtensibilityGlobals) = postSolution
		SolutionGuid = {2818924E-91D6-4246-A024-6061FB5B5EF7}
	EndGlobalSection
EndGlobal
